
Microsoft Visual Studio Solution File, Format Version 12.00
# Visual Studio Version 16
VisualStudioVersion = 16.0.31613.86
MinimumVisualStudioVersion = 10.0.40219.1
Project("{9A19103F-16F7-4668-BE54-9A1E7A4F7556}") = "BCRM-App", "BCRM-App\BCRM-App.csproj", "{EFAEC7B8-B3F0-4088-8B56-F205F122FE29}"
EndProject
Project("{9A19103F-16F7-4668-BE54-9A1E7A4F7556}") = "BCRM-Common", "..\BCRM-Common\BCRM-Common\BCRM-Common.csproj", "{1DD5926F-1C11-4052-8E20-0B731DE8EF5D}"
EndProject
Project("{9A19103F-16F7-4668-BE54-9A1E7A4F7556}") = "BCRM-Logging", "..\BCRM-Logging\BCRM-Logging\BCRM-Logging.csproj", "{399FCDC4-E088-45E1-857A-5671C4DD64C1}"
EndProject
Global
	GlobalSection(SolutionConfigurationPlatforms) = preSolution
		Debug|Any CPU = Debug|Any CPU
		Release|Any CPU = Release|Any CPU
	EndGlobalSection
	GlobalSection(ProjectConfigurationPlatforms) = postSolution
		{EFAEC7B8-B3F0-4088-8B56-F205F122FE29}.Debug|Any CPU.ActiveCfg = Debug|Any CPU
		{EFAEC7B8-B3F0-4088-8B56-F205F122FE29}.Debug|Any CPU.Build.0 = Debug|Any CPU
		{EFAEC7B8-B3F0-4088-8B56-F205F122FE29}.Release|Any CPU.ActiveCfg = Release|Any CPU
		{EFAEC7B8-B3F0-4088-8B56-F205F122FE29}.Release|Any CPU.Build.0 = Release|Any CPU
		{1DD5926F-1C11-4052-8E20-0B731DE8EF5D}.Debug|Any CPU.ActiveCfg = Debug|Any CPU
		{1DD5926F-1C11-4052-8E20-0B731DE8EF5D}.Debug|Any CPU.Build.0 = Debug|Any CPU
		{1DD5926F-1C11-4052-8E20-0B731DE8EF5D}.Release|Any CPU.ActiveCfg = Release|Any CPU
		{1DD5926F-1C11-4052-8E20-0B731DE8EF5D}.Release|Any CPU.Build.0 = Release|Any CPU
		{399FCDC4-E088-45E1-857A-5671C4DD64C1}.Debug|Any CPU.ActiveCfg = Debug|Any CPU
		{399FCDC4-E088-45E1-857A-5671C4DD64C1}.Debug|Any CPU.Build.0 = Debug|Any CPU
		{399FCDC4-E088-45E1-857A-5671C4DD64C1}.Release|Any CPU.ActiveCfg = Release|Any CPU
		{399FCDC4-E088-45E1-857A-5671C4DD64C1}.Release|Any CPU.Build.0 = Release|Any CPU
	EndGlobalSection
	GlobalSection(SolutionProperties) = preSolution
		HideSolutionNode = FALSE
	EndGlobalSection
	GlobalSection(ExtensibilityGlobals) = postSolution
		SolutionGuid = {709342A9-1D29-4552-A867-21873C1F2687}
	EndGlobalSection
EndGlobal
